
Microsoft Visual Studio Solution File, Format Version 12.00
# Visual Studio Version 17
VisualStudioVersion = 17.4.33110.190
MinimumVisualStudioVersion = 10.0.40219.1
Project("{FAE04EC0-301F-11D3-BF4B-00C04F79EFBC}") = "health-calc-pack-dotnet", "health-calc-pack-dotnet\health-calc-pack-dotnet.csproj", "{8DEE5C43-2B65-4231-A637-5D8474935BCC}"
EndProject
Global
	GlobalSection(SolutionConfigurationPlatforms) = preSolution
		Debug|Any CPU = Debug|Any CPU
		Release|Any CPU = Release|Any CPU
	EndGlobalSection
	GlobalSection(ProjectConfigurationPlatforms) = postSolution
		{8DEE5C43-2B65-4231-A637-5D8474935BCC}.Debug|Any CPU.ActiveCfg = Debug|Any CPU
		{8DEE5C43-2B65-4231-A637-5D8474935BCC}.Debug|Any CPU.Build.0 = Debug|Any CPU
		{8DEE5C43-2B65-4231-A637-5D8474935BCC}.Release|Any CPU.ActiveCfg = Release|Any CPU
		{8DEE5C43-2B65-4231-A637-5D8474935BCC}.Release|Any CPU.Build.0 = Release|Any CPU
	EndGlobalSection
	GlobalSection(SolutionProperties) = preSolution
		HideSolutionNode = FALSE
	EndGlobalSection
	GlobalSection(ExtensibilityGlobals) = postSolution
		SolutionGuid = {1D5F57F3-746D-4273-B658-2FBD758243AD}
	EndGlobalSection
EndGlobal
